
Microsoft Visual Studio Solution File, Format Version 12.00
# Visual Studio Version 17
VisualStudioVersion = 17.14.36221.1 d17.14
MinimumVisualStudioVersion = 10.0.40219.1
Project("{FAE04EC0-301F-11D3-BF4B-00C04F79EFBC}") = "RushangPractical", "RushangPractical\RushangPractical.csproj", "{94F12348-0712-4A39-A4BD-23F68FE2EAF1}"
EndProject
Project("{FAE04EC0-301F-11D3-BF4B-00C04F79EFBC}") = "Infrastructure", "Infrastructure\Infrastructure.csproj", "{EE42EF5A-BBE8-479B-83BE-83742BD8EC18}"
EndProject
Project("{FAE04EC0-301F-11D3-BF4B-00C04F79EFBC}") = "Applications", "Applications\Applications.csproj", "{07DBE53C-16C6-4A5A-83DA-EBE1259E37AF}"
EndProject
Global
	GlobalSection(SolutionConfigurationPlatforms) = preSolution
		Debug|Any CPU = Debug|Any CPU
		Release|Any CPU = Release|Any CPU
	EndGlobalSection
	GlobalSection(ProjectConfigurationPlatforms) = postSolution
		{94F12348-0712-4A39-A4BD-23F68FE2EAF1}.Debug|Any CPU.ActiveCfg = Debug|Any CPU
		{94F12348-0712-4A39-A4BD-23F68FE2EAF1}.Debug|Any CPU.Build.0 = Debug|Any CPU
		{94F12348-0712-4A39-A4BD-23F68FE2EAF1}.Release|Any CPU.ActiveCfg = Release|Any CPU
		{94F12348-0712-4A39-A4BD-23F68FE2EAF1}.Release|Any CPU.Build.0 = Release|Any CPU
		{EE42EF5A-BBE8-479B-83BE-83742BD8EC18}.Debug|Any CPU.ActiveCfg = Debug|Any CPU
		{EE42EF5A-BBE8-479B-83BE-83742BD8EC18}.Debug|Any CPU.Build.0 = Debug|Any CPU
		{EE42EF5A-BBE8-479B-83BE-83742BD8EC18}.Release|Any CPU.ActiveCfg = Release|Any CPU
		{EE42EF5A-BBE8-479B-83BE-83742BD8EC18}.Release|Any CPU.Build.0 = Release|Any CPU
		{07DBE53C-16C6-4A5A-83DA-EBE1259E37AF}.Debug|Any CPU.ActiveCfg = Debug|Any CPU
		{07DBE53C-16C6-4A5A-83DA-EBE1259E37AF}.Debug|Any CPU.Build.0 = Debug|Any CPU
		{07DBE53C-16C6-4A5A-83DA-EBE1259E37AF}.Release|Any CPU.ActiveCfg = Release|Any CPU
		{07DBE53C-16C6-4A5A-83DA-EBE1259E37AF}.Release|Any CPU.Build.0 = Release|Any CPU
	EndGlobalSection
	GlobalSection(SolutionProperties) = preSolution
		HideSolutionNode = FALSE
	EndGlobalSection
	GlobalSection(ExtensibilityGlobals) = postSolution
		SolutionGuid = {0505EFA1-B9EA-43D0-A7BF-FDEEAA80283F}
	EndGlobalSection
EndGlobal
